// !$*UTF8*$!
{
	archiveVersion = 1;
	classes = {
	};
	objectVersion = 56;
	objects = {

/* Begin PBXBuildFile section */
		A16DAC3F2B1C74240082F657 /* Ingredient.swift in Sources */ = {isa = PBXBuildFile; fileRef = A16DAC3E2B1C74240082F657 /* Ingredient.swift */; };
		A16DAC412B1C74340082F657 /* Instruction.swift in Sources */ = {isa = PBXBuildFile; fileRef = A16DAC402B1C74340082F657 /* Instruction.swift */; };
		A16DAC432B1C75C80082F657 /* DataController.swift in Sources */ = {isa = PBXBuildFile; fileRef = A16DAC422B1C75C80082F657 /* DataController.swift */; };
		A1C214D42B14EC7700644655 /* KitchenChroniclesApp.swift in Sources */ = {isa = PBXBuildFile; fileRef = A1C214D32B14EC7700644655 /* KitchenChroniclesApp.swift */; };
		A1C214D62B14EC7700644655 /* HomeView.swift in Sources */ = {isa = PBXBuildFile; fileRef = A1C214D52B14EC7700644655 /* HomeView.swift */; };
		A1C214D82B14EC8100644655 /* Assets.xcassets in Resources */ = {isa = PBXBuildFile; fileRef = A1C214D72B14EC8100644655 /* Assets.xcassets */; };
		A1C214DB2B14EC8100644655 /* Preview Assets.xcassets in Resources */ = {isa = PBXBuildFile; fileRef = A1C214DA2B14EC8100644655 /* Preview Assets.xcassets */; };
		A1C214E52B14EC8300644655 /* KitchenChroniclesTests.swift in Sources */ = {isa = PBXBuildFile; fileRef = A1C214E42B14EC8300644655 /* KitchenChroniclesTests.swift */; };
		A1C214EF2B14EC8300644655 /* KitchenChroniclesUITests.swift in Sources */ = {isa = PBXBuildFile; fileRef = A1C214EE2B14EC8300644655 /* KitchenChroniclesUITests.swift */; };
		A1C214F12B14EC8300644655 /* KitchenChroniclesUITestsLaunchTests.swift in Sources */ = {isa = PBXBuildFile; fileRef = A1C214F02B14EC8300644655 /* KitchenChroniclesUITestsLaunchTests.swift */; };
		A1C214FF2B14ED3900644655 /* RecipeListView.swift in Sources */ = {isa = PBXBuildFile; fileRef = A1C214FE2B14ED3900644655 /* RecipeListView.swift */; };
		A1C215012B14ED4600644655 /* RecipeDetailView.swift in Sources */ = {isa = PBXBuildFile; fileRef = A1C215002B14ED4600644655 /* RecipeDetailView.swift */; };
		A1C215052B14ED6C00644655 /* RecipeEditorView.swift in Sources */ = {isa = PBXBuildFile; fileRef = A1C215042B14ED6C00644655 /* RecipeEditorView.swift */; };
		A1C215082B14ED7D00644655 /* Model.xcdatamodeld in Sources */ = {isa = PBXBuildFile; fileRef = A1C215062B14ED7D00644655 /* Model.xcdatamodeld */; };
/* End PBXBuildFile section */

/* Begin PBXContainerItemProxy section */
		A1C214E12B14EC8300644655 /* PBXContainerItemProxy */ = {
			isa = PBXContainerItemProxy;
			containerPortal = A1C214C82B14EC7700644655 /* Project object */;
			proxyType = 1;
			remoteGlobalIDString = A1C214CF2B14EC7700644655;
			remoteInfo = KitchenChronicles;
		};
		A1C214EB2B14EC8300644655 /* PBXContainerItemProxy */ = {
			isa = PBXContainerItemProxy;
			containerPortal = A1C214C82B14EC7700644655 /* Project object */;
			proxyType = 1;
			remoteGlobalIDString = A1C214CF2B14EC7700644655;
			remoteInfo = KitchenChronicles;
		};
/* End PBXContainerItemProxy section */

/* Begin PBXFileReference section */
		A16DAC3E2B1C74240082F657 /* Ingredient.swift */ = {isa = PBXFileReference; lastKnownFileType = sourcecode.swift; path = Ingredient.swift; sourceTree = "<group>"; };
		A16DAC402B1C74340082F657 /* Instruction.swift */ = {isa = PBXFileReference; lastKnownFileType = sourcecode.swift; path = Instruction.swift; sourceTree = "<group>"; };
		A16DAC422B1C75C80082F657 /* DataController.swift */ = {isa = PBXFileReference; lastKnownFileType = sourcecode.swift; path = DataController.swift; sourceTree = "<group>"; };
		A16DAC442B1CA4B50082F657 /* KitchenChronicles.entitlements */ = {isa = PBXFileReference; lastKnownFileType = text.plist.entitlements; path = KitchenChronicles.entitlements; sourceTree = "<group>"; };
		A16DAC452B1CA4CB0082F657 /* Info.plist */ = {isa = PBXFileReference; lastKnownFileType = text.plist; path = Info.plist; sourceTree = "<group>"; };
		A1C214D02B14EC7700644655 /* KitchenChronicles.app */ = {isa = PBXFileReference; explicitFileType = wrapper.application; includeInIndex = 0; path = KitchenChronicles.app; sourceTree = BUILT_PRODUCTS_DIR; };
		A1C214D32B14EC7700644655 /* KitchenChroniclesApp.swift */ = {isa = PBXFileReference; lastKnownFileType = sourcecode.swift; path = KitchenChroniclesApp.swift; sourceTree = "<group>"; };
		A1C214D52B14EC7700644655 /* HomeView.swift */ = {isa = PBXFileReference; lastKnownFileType = sourcecode.swift; path = HomeView.swift; sourceTree = "<group>"; };
		A1C214D72B14EC8100644655 /* Assets.xcassets */ = {isa = PBXFileReference; lastKnownFileType = folder.assetcatalog; path = Assets.xcassets; sourceTree = "<group>"; };
		A1C214DA2B14EC8100644655 /* Preview Assets.xcassets */ = {isa = PBXFileReference; lastKnownFileType = folder.assetcatalog; path = "Preview Assets.xcassets"; sourceTree = "<group>"; };
		A1C214E02B14EC8300644655 /* KitchenChroniclesTests.xctest */ = {isa = PBXFileReference; explicitFileType = wrapper.cfbundle; includeInIndex = 0; path = KitchenChroniclesTests.xctest; sourceTree = BUILT_PRODUCTS_DIR; };
		A1C214E42B14EC8300644655 /* KitchenChroniclesTests.swift */ = {isa = PBXFileReference; lastKnownFileType = sourcecode.swift; path = KitchenChroniclesTests.swift; sourceTree = "<group>"; };
		A1C214EA2B14EC8300644655 /* KitchenChroniclesUITests.xctest */ = {isa = PBXFileReference; explicitFileType = wrapper.cfbundle; includeInIndex = 0; path = KitchenChroniclesUITests.xctest; sourceTree = BUILT_PRODUCTS_DIR; };
		A1C214EE2B14EC8300644655 /* KitchenChroniclesUITests.swift */ = {isa = PBXFileReference; lastKnownFileType = sourcecode.swift; path = KitchenChroniclesUITests.swift; sourceTree = "<group>"; };
		A1C214F02B14EC8300644655 /* KitchenChroniclesUITestsLaunchTests.swift */ = {isa = PBXFileReference; lastKnownFileType = sourcecode.swift; path = KitchenChroniclesUITestsLaunchTests.swift; sourceTree = "<group>"; };
		A1C214FD2B14ECB700644655 /* README.md */ = {isa = PBXFileReference; lastKnownFileType = net.daringfireball.markdown; path = README.md; sourceTree = "<group>"; };
		A1C214FE2B14ED3900644655 /* RecipeListView.swift */ = {isa = PBXFileReference; lastKnownFileType = sourcecode.swift; path = RecipeListView.swift; sourceTree = "<group>"; };
		A1C215002B14ED4600644655 /* RecipeDetailView.swift */ = {isa = PBXFileReference; lastKnownFileType = sourcecode.swift; path = RecipeDetailView.swift; sourceTree = "<group>"; };
		A1C215042B14ED6C00644655 /* RecipeEditorView.swift */ = {isa = PBXFileReference; lastKnownFileType = sourcecode.swift; path = RecipeEditorView.swift; sourceTree = "<group>"; };
		A1C215072B14ED7D00644655 /* Model.xcdatamodel */ = {isa = PBXFileReference; lastKnownFileType = wrapper.xcdatamodel; path = Model.xcdatamodel; sourceTree = "<group>"; };
/* End PBXFileReference section */

/* Begin PBXFrameworksBuildPhase section */
		A1C214CD2B14EC7700644655 /* Frameworks */ = {
			isa = PBXFrameworksBuildPhase;
			buildActionMask = 2147483647;
			files = (
			);
			runOnlyForDeploymentPostprocessing = 0;
		};
		A1C214DD2B14EC8300644655 /* Frameworks */ = {
			isa = PBXFrameworksBuildPhase;
			buildActionMask = 2147483647;
			files = (
			);
			runOnlyForDeploymentPostprocessing = 0;
		};
		A1C214E72B14EC8300644655 /* Frameworks */ = {
			isa = PBXFrameworksBuildPhase;
			buildActionMask = 2147483647;
			files = (
			);
			runOnlyForDeploymentPostprocessing = 0;
		};
/* End PBXFrameworksBuildPhase section */

/* Begin PBXGroup section */
		A1C214C72B14EC7700644655 = {
			isa = PBXGroup;
			children = (
				A1C214FD2B14ECB700644655 /* README.md */,
				A1C214D22B14EC7700644655 /* KitchenChronicles */,
				A1C214E32B14EC8300644655 /* KitchenChroniclesTests */,
				A1C214ED2B14EC8300644655 /* KitchenChroniclesUITests */,
				A1C214D12B14EC7700644655 /* Products */,
			);
			sourceTree = "<group>";
		};
		A1C214D12B14EC7700644655 /* Products */ = {
			isa = PBXGroup;
			children = (
				A1C214D02B14EC7700644655 /* KitchenChronicles.app */,
				A1C214E02B14EC8300644655 /* KitchenChroniclesTests.xctest */,
				A1C214EA2B14EC8300644655 /* KitchenChroniclesUITests.xctest */,
			);
			name = Products;
			sourceTree = "<group>";
		};
		A1C214D22B14EC7700644655 /* KitchenChronicles */ = {
			isa = PBXGroup;
			children = (
				A16DAC452B1CA4CB0082F657 /* Info.plist */,
				A16DAC442B1CA4B50082F657 /* KitchenChronicles.entitlements */,
				A1C214D32B14EC7700644655 /* KitchenChroniclesApp.swift */,
				A1C214D52B14EC7700644655 /* HomeView.swift */,
				A1C214FE2B14ED3900644655 /* RecipeListView.swift */,
				A1C215002B14ED4600644655 /* RecipeDetailView.swift */,
				A1C215042B14ED6C00644655 /* RecipeEditorView.swift */,
				A16DAC3E2B1C74240082F657 /* Ingredient.swift */,
				A16DAC422B1C75C80082F657 /* DataController.swift */,
				A16DAC402B1C74340082F657 /* Instruction.swift */,
				A1C215062B14ED7D00644655 /* Model.xcdatamodeld */,
				A1C214D72B14EC8100644655 /* Assets.xcassets */,
				A1C214D92B14EC8100644655 /* Preview Content */,
			);
			path = KitchenChronicles;
			sourceTree = "<group>";
		};
		A1C214D92B14EC8100644655 /* Preview Content */ = {
			isa = PBXGroup;
			children = (
				A1C214DA2B14EC8100644655 /* Preview Assets.xcassets */,
			);
			path = "Preview Content";
			sourceTree = "<group>";
		};
		A1C214E32B14EC8300644655 /* KitchenChroniclesTests */ = {
			isa = PBXGroup;
			children = (
				A1C214E42B14EC8300644655 /* KitchenChroniclesTests.swift */,
			);
			path = KitchenChroniclesTests;
			sourceTree = "<group>";
		};
		A1C214ED2B14EC8300644655 /* KitchenChroniclesUITests */ = {
			isa = PBXGroup;
			children = (
				A1C214EE2B14EC8300644655 /* KitchenChroniclesUITests.swift */,
				A1C214F02B14EC8300644655 /* KitchenChroniclesUITestsLaunchTests.swift */,
			);
			path = KitchenChroniclesUITests;
			sourceTree = "<group>";
		};
/* End PBXGroup section */

/* Begin PBXNativeTarget section */
		A1C214CF2B14EC7700644655 /* KitchenChronicles */ = {
			isa = PBXNativeTarget;
			buildConfigurationList = A1C214F42B14EC8300644655 /* Build configuration list for PBXNativeTarget "KitchenChronicles" */;
			buildPhases = (
				A1C214CC2B14EC7700644655 /* Sources */,
				A1C214CD2B14EC7700644655 /* Frameworks */,
				A1C214CE2B14EC7700644655 /* Resources */,
			);
			buildRules = (
			);
			dependencies = (
			);
			name = KitchenChronicles;
			productName = KitchenChronicles;
			productReference = A1C214D02B14EC7700644655 /* KitchenChronicles.app */;
			productType = "com.apple.product-type.application";
		};
		A1C214DF2B14EC8300644655 /* KitchenChroniclesTests */ = {
			isa = PBXNativeTarget;
			buildConfigurationList = A1C214F72B14EC8300644655 /* Build configuration list for PBXNativeTarget "KitchenChroniclesTests" */;
			buildPhases = (
				A1C214DC2B14EC8300644655 /* Sources */,
				A1C214DD2B14EC8300644655 /* Frameworks */,
				A1C214DE2B14EC8300644655 /* Resources */,
			);
			buildRules = (
			);
			dependencies = (
				A1C214E22B14EC8300644655 /* PBXTargetDependency */,
			);
			name = KitchenChroniclesTests;
			productName = KitchenChroniclesTests;
			productReference = A1C214E02B14EC8300644655 /* KitchenChroniclesTests.xctest */;
			productType = "com.apple.product-type.bundle.unit-test";
		};
		A1C214E92B14EC8300644655 /* KitchenChroniclesUITests */ = {
			isa = PBXNativeTarget;
			buildConfigurationList = A1C214FA2B14EC8300644655 /* Build configuration list for PBXNativeTarget "KitchenChroniclesUITests" */;
			buildPhases = (
				A1C214E62B14EC8300644655 /* Sources */,
				A1C214E72B14EC8300644655 /* Frameworks */,
				A1C214E82B14EC8300644655 /* Resources */,
			);
			buildRules = (
			);
			dependencies = (
				A1C214EC2B14EC8300644655 /* PBXTargetDependency */,
			);
			name = KitchenChroniclesUITests;
			productName = KitchenChroniclesUITests;
			productReference = A1C214EA2B14EC8300644655 /* KitchenChroniclesUITests.xctest */;
			productType = "com.apple.product-type.bundle.ui-testing";
		};
/* End PBXNativeTarget section */

/* Begin PBXProject section */
		A1C214C82B14EC7700644655 /* Project object */ = {
			isa = PBXProject;
			attributes = {
				BuildIndependentTargetsInParallel = 1;
				LastSwiftUpdateCheck = 1510;
				LastUpgradeCheck = 1510;
				TargetAttributes = {
					A1C214CF2B14EC7700644655 = {
						CreatedOnToolsVersion = 15.1;
					};
					A1C214DF2B14EC8300644655 = {
						CreatedOnToolsVersion = 15.1;
						TestTargetID = A1C214CF2B14EC7700644655;
					};
					A1C214E92B14EC8300644655 = {
						CreatedOnToolsVersion = 15.1;
						TestTargetID = A1C214CF2B14EC7700644655;
					};
				};
			};
			buildConfigurationList = A1C214CB2B14EC7700644655 /* Build configuration list for PBXProject "KitchenChronicles" */;
			compatibilityVersion = "Xcode 14.0";
			developmentRegion = en;
			hasScannedForEncodings = 0;
			knownRegions = (
				en,
				Base,
			);
			mainGroup = A1C214C72B14EC7700644655;
			productRefGroup = A1C214D12B14EC7700644655 /* Products */;
			projectDirPath = "";
			projectRoot = "";
			targets = (
				A1C214CF2B14EC7700644655 /* KitchenChronicles */,
				A1C214DF2B14EC8300644655 /* KitchenChroniclesTests */,
				A1C214E92B14EC8300644655 /* KitchenChroniclesUITests */,
			);
		};
/* End PBXProject section */

/* Begin PBXResourcesBuildPhase section */
		A1C214CE2B14EC7700644655 /* Resources */ = {
			isa = PBXResourcesBuildPhase;
			buildActionMask = 2147483647;
			files = (
				A1C214DB2B14EC8100644655 /* Preview Assets.xcassets in Resources */,
				A1C214D82B14EC8100644655 /* Assets.xcassets in Resources */,
			);
			runOnlyForDeploymentPostprocessing = 0;
		};
		A1C214DE2B14EC8300644655 /* Resources */ = {
			isa = PBXResourcesBuildPhase;
			buildActionMask = 2147483647;
			files = (
			);
			runOnlyForDeploymentPostprocessing = 0;
		};
		A1C214E82B14EC8300644655 /* Resources */ = {
			isa = PBXResourcesBuildPhase;
			buildActionMask = 2147483647;
			files = (
			);
			runOnlyForDeploymentPostprocessing = 0;
		};
/* End PBXResourcesBuildPhase section */

/* Begin PBXSourcesBuildPhase section */
		A1C214CC2B14EC7700644655 /* Sources */ = {
			isa = PBXSourcesBuildPhase;
			buildActionMask = 2147483647;
			files = (
				A1C215052B14ED6C00644655 /* RecipeEditorView.swift in Sources */,
				A1C214FF2B14ED3900644655 /* RecipeListView.swift in Sources */,
				A16DAC3F2B1C74240082F657 /* Ingredient.swift in Sources */,
				A1C214D62B14EC7700644655 /* HomeView.swift in Sources */,
				A16DAC432B1C75C80082F657 /* DataController.swift in Sources */,
				A1C214D42B14EC7700644655 /* KitchenChroniclesApp.swift in Sources */,
				A1C215012B14ED4600644655 /* RecipeDetailView.swift in Sources */,
				A16DAC412B1C74340082F657 /* Instruction.swift in Sources */,
				A1C215082B14ED7D00644655 /* Model.xcdatamodeld in Sources */,
			);
			runOnlyForDeploymentPostprocessing = 0;
		};
		A1C214DC2B14EC8300644655 /* Sources */ = {
			isa = PBXSourcesBuildPhase;
			buildActionMask = 2147483647;
			files = (
				A1C214E52B14EC8300644655 /* KitchenChroniclesTests.swift in Sources */,
			);
			runOnlyForDeploymentPostprocessing = 0;
		};
		A1C214E62B14EC8300644655 /* Sources */ = {
			isa = PBXSourcesBuildPhase;
			buildActionMask = 2147483647;
			files = (
				A1C214EF2B14EC8300644655 /* KitchenChroniclesUITests.swift in Sources */,
				A1C214F12B14EC8300644655 /* KitchenChroniclesUITestsLaunchTests.swift in Sources */,
			);
			runOnlyForDeploymentPostprocessing = 0;
		};
/* End PBXSourcesBuildPhase section */

/* Begin PBXTargetDependency section */
		A1C214E22B14EC8300644655 /* PBXTargetDependency */ = {
			isa = PBXTargetDependency;
			target = A1C214CF2B14EC7700644655 /* KitchenChronicles */;
			targetProxy = A1C214E12B14EC8300644655 /* PBXContainerItemProxy */;
		};
		A1C214EC2B14EC8300644655 /* PBXTargetDependency */ = {
			isa = PBXTargetDependency;
			target = A1C214CF2B14EC7700644655 /* KitchenChronicles */;
			targetProxy = A1C214EB2B14EC8300644655 /* PBXContainerItemProxy */;
		};
/* End PBXTargetDependency section */

/* Begin XCBuildConfiguration section */
		A1C214F22B14EC8300644655 /* Debug */ = {
			isa = XCBuildConfiguration;
			buildSettings = {
				ALWAYS_SEARCH_USER_PATHS = NO;
				ASSETCATALOG_COMPILER_GENERATE_SWIFT_ASSET_SYMBOL_EXTENSIONS = YES;
				CLANG_ANALYZER_NONNULL = YES;
				CLANG_ANALYZER_NUMBER_OBJECT_CONVERSION = YES_AGGRESSIVE;
				CLANG_CXX_LANGUAGE_STANDARD = "gnu++20";
				CLANG_ENABLE_MODULES = YES;
				CLANG_ENABLE_OBJC_ARC = YES;
				CLANG_ENABLE_OBJC_WEAK = YES;
				CLANG_WARN_BLOCK_CAPTURE_AUTORELEASING = YES;
				CLANG_WARN_BOOL_CONVERSION = YES;
				CLANG_WARN_COMMA = YES;
				CLANG_WARN_CONSTANT_CONVERSION = YES;
				CLANG_WARN_DEPRECATED_OBJC_IMPLEMENTATIONS = YES;
				CLANG_WARN_DIRECT_OBJC_ISA_USAGE = YES_ERROR;
				CLANG_WARN_DOCUMENTATION_COMMENTS = YES;
				CLANG_WARN_EMPTY_BODY = YES;
				CLANG_WARN_ENUM_CONVERSION = YES;
				CLANG_WARN_INFINITE_RECURSION = YES;
				CLANG_WARN_INT_CONVERSION = YES;
				CLANG_WARN_NON_LITERAL_NULL_CONVERSION = YES;
				CLANG_WARN_OBJC_IMPLICIT_RETAIN_SELF = YES;
				CLANG_WARN_OBJC_LITERAL_CONVERSION = YES;
				CLANG_WARN_OBJC_ROOT_CLASS = YES_ERROR;
				CLANG_WARN_QUOTED_INCLUDE_IN_FRAMEWORK_HEADER = YES;
				CLANG_WARN_RANGE_LOOP_ANALYSIS = YES;
				CLANG_WARN_STRICT_PROTOTYPES = YES;
				CLANG_WARN_SUSPICIOUS_MOVE = YES;
				CLANG_WARN_UNGUARDED_AVAILABILITY = YES_AGGRESSIVE;
				CLANG_WARN_UNREACHABLE_CODE = YES;
				CLANG_WARN__DUPLICATE_METHOD_MATCH = YES;
				COPY_PHASE_STRIP = NO;
				DEBUG_INFORMATION_FORMAT = dwarf;
				ENABLE_STRICT_OBJC_MSGSEND = YES;
				ENABLE_TESTABILITY = YES;
				ENABLE_USER_SCRIPT_SANDBOXING = YES;
				GCC_C_LANGUAGE_STANDARD = gnu17;
				GCC_DYNAMIC_NO_PIC = NO;
				GCC_NO_COMMON_BLOCKS = YES;
				GCC_OPTIMIZATION_LEVEL = 0;
				GCC_PREPROCESSOR_DEFINITIONS = (
					"DEBUG=1",
					"$(inherited)",
				);
				GCC_WARN_64_TO_32_BIT_CONVERSION = YES;
				GCC_WARN_ABOUT_RETURN_TYPE = YES_ERROR;
				GCC_WARN_UNDECLARED_SELECTOR = YES;
				GCC_WARN_UNINITIALIZED_AUTOS = YES_AGGRESSIVE;
				GCC_WARN_UNUSED_FUNCTION = YES;
				GCC_WARN_UNUSED_VARIABLE = YES;
				IPHONEOS_DEPLOYMENT_TARGET = 17.2;
				LOCALIZATION_PREFERS_STRING_CATALOGS = YES;
				MTL_ENABLE_DEBUG_INFO = INCLUDE_SOURCE;
				MTL_FAST_MATH = YES;
				ONLY_ACTIVE_ARCH = YES;
				SDKROOT = iphoneos;
				SWIFT_ACTIVE_COMPILATION_CONDITIONS = "DEBUG $(inherited)";
				SWIFT_OPTIMIZATION_LEVEL = "-Onone";
			};
			name = Debug;
		};
		A1C214F32B14EC8300644655 /* Release */ = {
			isa = XCBuildConfiguration;
			buildSettings = {
				ALWAYS_SEARCH_USER_PATHS = NO;
				ASSETCATALOG_COMPILER_GENERATE_SWIFT_ASSET_SYMBOL_EXTENSIONS = YES;
				CLANG_ANALYZER_NONNULL = YES;
				CLANG_ANALYZER_NUMBER_OBJECT_CONVERSION = YES_AGGRESSIVE;
				CLANG_CXX_LANGUAGE_STANDARD = "gnu++20";
				CLANG_ENABLE_MODULES = YES;
				CLANG_ENABLE_OBJC_ARC = YES;
				CLANG_ENABLE_OBJC_WEAK = YES;
				CLANG_WARN_BLOCK_CAPTURE_AUTORELEASING = YES;
				CLANG_WARN_BOOL_CONVERSION = YES;
				CLANG_WARN_COMMA = YES;
				CLANG_WARN_CONSTANT_CONVERSION = YES;
				CLANG_WARN_DEPRECATED_OBJC_IMPLEMENTATIONS = YES;
				CLANG_WARN_DIRECT_OBJC_ISA_USAGE = YES_ERROR;
				CLANG_WARN_DOCUMENTATION_COMMENTS = YES;
				CLANG_WARN_EMPTY_BODY = YES;
				CLANG_WARN_ENUM_CONVERSION = YES;
				CLANG_WARN_INFINITE_RECURSION = YES;
				CLANG_WARN_INT_CONVERSION = YES;
				CLANG_WARN_NON_LITERAL_NULL_CONVERSION = YES;
				CLANG_WARN_OBJC_IMPLICIT_RETAIN_SELF = YES;
				CLANG_WARN_OBJC_LITERAL_CONVERSION = YES;
				CLANG_WARN_OBJC_ROOT_CLASS = YES_ERROR;
				CLANG_WARN_QUOTED_INCLUDE_IN_FRAMEWORK_HEADER = YES;
				CLANG_WARN_RANGE_LOOP_ANALYSIS = YES;
				CLANG_WARN_STRICT_PROTOTYPES = YES;
				CLANG_WARN_SUSPICIOUS_MOVE = YES;
				CLANG_WARN_UNGUARDED_AVAILABILITY = YES_AGGRESSIVE;
				CLANG_WARN_UNREACHABLE_CODE = YES;
				CLANG_WARN__DUPLICATE_METHOD_MATCH = YES;
				COPY_PHASE_STRIP = NO;
				DEBUG_INFORMATION_FORMAT = "dwarf-with-dsym";
				ENABLE_NS_ASSERTIONS = NO;
				ENABLE_STRICT_OBJC_MSGSEND = YES;
				ENABLE_USER_SCRIPT_SANDBOXING = YES;
				GCC_C_LANGUAGE_STANDARD = gnu17;
				GCC_NO_COMMON_BLOCKS = YES;
				GCC_WARN_64_TO_32_BIT_CONVERSION = YES;
				GCC_WARN_ABOUT_RETURN_TYPE = YES_ERROR;
				GCC_WARN_UNDECLARED_SELECTOR = YES;
				GCC_WARN_UNINITIALIZED_AUTOS = YES_AGGRESSIVE;
				GCC_WARN_UNUSED_FUNCTION = YES;
				GCC_WARN_UNUSED_VARIABLE = YES;
				IPHONEOS_DEPLOYMENT_TARGET = 17.2;
				LOCALIZATION_PREFERS_STRING_CATALOGS = YES;
				MTL_ENABLE_DEBUG_INFO = NO;
				MTL_FAST_MATH = YES;
				SDKROOT = iphoneos;
				SWIFT_COMPILATION_MODE = wholemodule;
				VALIDATE_PRODUCT = YES;
			};
			name = Release;
		};
		A1C214F52B14EC8300644655 /* Debug */ = {
			isa = XCBuildConfiguration;
			buildSettings = {
				ASSETCATALOG_COMPILER_APPICON_NAME = AppIcon;
				ASSETCATALOG_COMPILER_GLOBAL_ACCENT_COLOR_NAME = AccentColor;
				CODE_SIGN_ENTITLEMENTS = KitchenChronicles/KitchenChronicles.entitlements;
				CODE_SIGN_STYLE = Automatic;
				CURRENT_PROJECT_VERSION = 1;
				DEVELOPMENT_ASSET_PATHS = "\"KitchenChronicles/Preview Content\"";
				DEVELOPMENT_TEAM = 938S7MPD5R;
				ENABLE_PREVIEWS = YES;
				GENERATE_INFOPLIST_FILE = YES;
				INFOPLIST_FILE = KitchenChronicles/Info.plist;
				INFOPLIST_KEY_UIApplicationSceneManifest_Generation = YES;
				INFOPLIST_KEY_UIApplicationSupportsIndirectInputEvents = YES;
				INFOPLIST_KEY_UILaunchScreen_Generation = YES;
				INFOPLIST_KEY_UISupportedInterfaceOrientations_iPad = "UIInterfaceOrientationPortrait UIInterfaceOrientationPortraitUpsideDown UIInterfaceOrientationLandscapeLeft UIInterfaceOrientationLandscapeRight";
				INFOPLIST_KEY_UISupportedInterfaceOrientations_iPhone = "UIInterfaceOrientationPortrait UIInterfaceOrientationLandscapeLeft UIInterfaceOrientationLandscapeRight";
				LD_RUNPATH_SEARCH_PATHS = (
					"$(inherited)",
					"@executable_path/Frameworks",
				);
				MARKETING_VERSION = 1.0;
				PRODUCT_BUNDLE_IDENTIFIER = Istionia.KitchenChronicles;
				PRODUCT_NAME = "$(TARGET_NAME)";
				SWIFT_EMIT_LOC_STRINGS = YES;
				SWIFT_VERSION = 5.0;
				TARGETED_DEVICE_FAMILY = "1,2";
			};
			name = Debug;
		};
		A1C214F62B14EC8300644655 /* Release */ = {
			isa = XCBuildConfiguration;
			buildSettings = {
				ASSETCATALOG_COMPILER_APPICON_NAME = AppIcon;
				ASSETCATALOG_COMPILER_GLOBAL_ACCENT_COLOR_NAME = AccentColor;
				CODE_SIGN_ENTITLEMENTS = KitchenChronicles/KitchenChronicles.entitlements;
				CODE_SIGN_STYLE = Automatic;
				CURRENT_PROJECT_VERSION = 1;
				DEVELOPMENT_ASSET_PATHS = "\"KitchenChronicles/Preview Content\"";
				DEVELOPMENT_TEAM = 938S7MPD5R;
				ENABLE_PREVIEWS = YES;
				GENERATE_INFOPLIST_FILE = YES;
				INFOPLIST_FILE = KitchenChronicles/Info.plist;
				INFOPLIST_KEY_UIApplicationSceneManifest_Generation = YES;
				INFOPLIST_KEY_UIApplicationSupportsIndirectInputEvents = YES;
				INFOPLIST_KEY_UILaunchScreen_Generation = YES;
				INFOPLIST_KEY_UISupportedInterfaceOrientations_iPad = "UIInterfaceOrientationPortrait UIInterfaceOrientationPortraitUpsideDown UIInterfaceOrientationLandscapeLeft UIInterfaceOrientationLandscapeRight";
				INFOPLIST_KEY_UISupportedInterfaceOrientations_iPhone = "UIInterfaceOrientationPortrait UIInterfaceOrientationLandscapeLeft UIInterfaceOrientationLandscapeRight";
				LD_RUNPATH_SEARCH_PATHS = (
					"$(inherited)",
					"@executable_path/Frameworks",
				);
				MARKETING_VERSION = 1.0;
				PRODUCT_BUNDLE_IDENTIFIER = Istionia.KitchenChronicles;
				PRODUCT_NAME = "$(TARGET_NAME)";
				SWIFT_EMIT_LOC_STRINGS = YES;
				SWIFT_VERSION = 5.0;
				TARGETED_DEVICE_FAMILY = "1,2";
			};
			name = Release;
		};
		A1C214F82B14EC8300644655 /* Debug */ = {
			isa = XCBuildConfiguration;
			buildSettings = {
				ALWAYS_EMBED_SWIFT_STANDARD_LIBRARIES = YES;
				BUNDLE_LOADER = "$(TEST_HOST)";
				CODE_SIGN_STYLE = Automatic;
				CURRENT_PROJECT_VERSION = 1;
				DEVELOPMENT_TEAM = 938S7MPD5R;
				GENERATE_INFOPLIST_FILE = YES;
				IPHONEOS_DEPLOYMENT_TARGET = 17.2;
				MARKETING_VERSION = 1.0;
				PRODUCT_BUNDLE_IDENTIFIER = Istionia.KitchenChroniclesTests;
				PRODUCT_NAME = "$(TARGET_NAME)";
				SWIFT_EMIT_LOC_STRINGS = NO;
				SWIFT_VERSION = 5.0;
				TARGETED_DEVICE_FAMILY = "1,2";
				TEST_HOST = "$(BUILT_PRODUCTS_DIR)/KitchenChronicles.app/$(BUNDLE_EXECUTABLE_FOLDER_PATH)/KitchenChronicles";
			};
			name = Debug;
		};
		A1C214F92B14EC8300644655 /* Release */ = {
			isa = XCBuildConfiguration;
			buildSettings = {
				ALWAYS_EMBED_SWIFT_STANDARD_LIBRARIES = YES;
				BUNDLE_LOADER = "$(TEST_HOST)";
				CODE_SIGN_STYLE = Automatic;
				CURRENT_PROJECT_VERSION = 1;
				DEVELOPMENT_TEAM = 938S7MPD5R;
				GENERATE_INFOPLIST_FILE = YES;
				IPHONEOS_DEPLOYMENT_TARGET = 17.2;
				MARKETING_VERSION = 1.0;
				PRODUCT_BUNDLE_IDENTIFIER = Istionia.KitchenChroniclesTests;
				PRODUCT_NAME = "$(TARGET_NAME)";
				SWIFT_EMIT_LOC_STRINGS = NO;
				SWIFT_VERSION = 5.0;
				TARGETED_DEVICE_FAMILY = "1,2";
				TEST_HOST = "$(BUILT_PRODUCTS_DIR)/KitchenChronicles.app/$(BUNDLE_EXECUTABLE_FOLDER_PATH)/KitchenChronicles";
			};
			name = Release;
		};
		A1C214FB2B14EC8300644655 /* Debug */ = {
			isa = XCBuildConfiguration;
			buildSettings = {
				ALWAYS_EMBED_SWIFT_STANDARD_LIBRARIES = YES;
				CODE_SIGN_STYLE = Automatic;
				CURRENT_PROJECT_VERSION = 1;
				DEVELOPMENT_TEAM = 938S7MPD5R;
				GENERATE_INFOPLIST_FILE = YES;
				MARKETING_VERSION = 1.0;
				PRODUCT_BUNDLE_IDENTIFIER = Istionia.KitchenChroniclesUITests;
				PRODUCT_NAME = "$(TARGET_NAME)";
				SWIFT_EMIT_LOC_STRINGS = NO;
				SWIFT_VERSION = 5.0;
				TARGETED_DEVICE_FAMILY = "1,2";
				TEST_TARGET_NAME = KitchenChronicles;
			};
			name = Debug;
		};
		A1C214FC2B14EC8300644655 /* Release */ = {
			isa = XCBuildConfiguration;
			buildSettings = {
				ALWAYS_EMBED_SWIFT_STANDARD_LIBRARIES = YES;
				CODE_SIGN_STYLE = Automatic;
				CURRENT_PROJECT_VERSION = 1;
				DEVELOPMENT_TEAM = 938S7MPD5R;
				GENERATE_INFOPLIST_FILE = YES;
				MARKETING_VERSION = 1.0;
				PRODUCT_BUNDLE_IDENTIFIER = Istionia.KitchenChroniclesUITests;
				PRODUCT_NAME = "$(TARGET_NAME)";
				SWIFT_EMIT_LOC_STRINGS = NO;
				SWIFT_VERSION = 5.0;
				TARGETED_DEVICE_FAMILY = "1,2";
				TEST_TARGET_NAME = KitchenChronicles;
			};
			name = Release;
		};
/* End XCBuildConfiguration section */

/* Begin XCConfigurationList section */
		A1C214CB2B14EC7700644655 /* Build configuration list for PBXProject "KitchenChronicles" */ = {
			isa = XCConfigurationList;
			buildConfigurations = (
				A1C214F22B14EC8300644655 /* Debug */,
				A1C214F32B14EC8300644655 /* Release */,
			);
			defaultConfigurationIsVisible = 0;
			defaultConfigurationName = Release;
		};
		A1C214F42B14EC8300644655 /* Build configuration list for PBXNativeTarget "KitchenChronicles" */ = {
			isa = XCConfigurationList;
			buildConfigurations = (
				A1C214F52B14EC8300644655 /* Debug */,
				A1C214F62B14EC8300644655 /* Release */,
			);
			defaultConfigurationIsVisible = 0;
			defaultConfigurationName = Release;
		};
		A1C214F72B14EC8300644655 /* Build configuration list for PBXNativeTarget "KitchenChroniclesTests" */ = {
			isa = XCConfigurationList;
			buildConfigurations = (
				A1C214F82B14EC8300644655 /* Debug */,
				A1C214F92B14EC8300644655 /* Release */,
			);
			defaultConfigurationIsVisible = 0;
			defaultConfigurationName = Release;
		};
		A1C214FA2B14EC8300644655 /* Build configuration list for PBXNativeTarget "KitchenChroniclesUITests" */ = {
			isa = XCConfigurationList;
			buildConfigurations = (
				A1C214FB2B14EC8300644655 /* Debug */,
				A1C214FC2B14EC8300644655 /* Release */,
			);
			defaultConfigurationIsVisible = 0;
			defaultConfigurationName = Release;
		};
/* End XCConfigurationList section */

/* Begin XCVersionGroup section */
		A1C215062B14ED7D00644655 /* Model.xcdatamodeld */ = {
			isa = XCVersionGroup;
			children = (
				A1C215072B14ED7D00644655 /* Model.xcdatamodel */,
			);
			currentVersion = A1C215072B14ED7D00644655 /* Model.xcdatamodel */;
			path = Model.xcdatamodeld;
			sourceTree = "<group>";
			versionGroupType = wrapper.xcdatamodel;
		};
/* End XCVersionGroup section */
	};
	rootObject = A1C214C82B14EC7700644655 /* Project object */;
}
